{
  "originHash" : "015be232df8488a780d4b0c932db34e28d4ef2e3c7997bbadafe239079a7601e",
  "pins" : [
    {
      "identity" : "licenselist",
      "kind" : "remoteSourceControl",
      "location" : "https://github.com/cybozu/LicenseList.git",
      "state" : {
        "revision" : "ee1e897acb2c8f3061fca4434cb702e8ddb7a72c",
        "version" : "2.5.0"
      }
    },
    {
      "identity" : "swift-argument-parser",
      "kind" : "remoteSourceControl",
      "location" : "https://github.com/apple/swift-argument-parser",
      "state" : {
        "revision" : "6a52f3251125d74daf04fcbd5e6f08a75d074382",
        "version" : "1.8.2"
      }
    },
    {
      "identity" : "swiftterm",
      "kind" : "remoteSourceControl",
      "location" : "https://github.com/migueldeicaza/SwiftTerm",
      "state" : {
        "revision" : "d5ee56e1c74777120f3af688600d336de4201bd2"
      }
    }
  ],
  "version" : 3
}
